
Microsoft Visual Studio Solution File, Format Version 11.00
# Visual Studio 2010
Project("{FAE04EC0-301F-11D3-BF4B-00C04F79EFBC}") = "my block model", "Assembly-CSharp.csproj", "{A34523F8-21BF-2908-9FDE-31BEA6A73274}"
EndProject
Global
	GlobalSection(SolutionConfigurationPlatforms) = preSolution
		Debug|Any CPU = Debug|Any CPU
		Release|Any CPU = Release|Any CPU
	EndGlobalSection
	GlobalSection(ProjectConfigurationPlatforms) = postSolution
		{A34523F8-21BF-2908-9FDE-31BEA6A73274}.Debug|Any CPU.ActiveCfg = Debug|Any CPU
		{A34523F8-21BF-2908-9FDE-31BEA6A73274}.Debug|Any CPU.Build.0 = Debug|Any CPU
		{A34523F8-21BF-2908-9FDE-31BEA6A73274}.Release|Any CPU.ActiveCfg = Release|Any CPU
		{A34523F8-21BF-2908-9FDE-31BEA6A73274}.Release|Any CPU.Build.0 = Release|Any CPU
	EndGlobalSection
	GlobalSection(SolutionProperties) = preSolution
		HideSolutionNode = FALSE
	EndGlobalSection
	GlobalSection(MonoDevelopProperties) = preSolution
		StartupItem = Assembly-CSharp.csproj
	EndGlobalSection
EndGlobal
